
Microsoft Visual Studio Solution File, Format Version 12.00
# Visual Studio Version 17
VisualStudioVersion = 17.5.002.0
MinimumVisualStudioVersion = 10.0.40219.1
Project("{9A19103F-16F7-4668-BE54-9A1E7A4F7556}") = "foodtopia", "foodtopia.csproj", "{CA3A34D9-53B4-49E9-826B-47BEEBE99D40}"
EndProject
Global
	GlobalSection(SolutionConfigurationPlatforms) = preSolution
		Debug|Any CPU = Debug|Any CPU
		Release|Any CPU = Release|Any CPU
	EndGlobalSection
	GlobalSection(ProjectConfigurationPlatforms) = postSolution
		{CA3A34D9-53B4-49E9-826B-47BEEBE99D40}.Debug|Any CPU.ActiveCfg = Debug|Any CPU
		{CA3A34D9-53B4-49E9-826B-47BEEBE99D40}.Debug|Any CPU.Build.0 = Debug|Any CPU
		{CA3A34D9-53B4-49E9-826B-47BEEBE99D40}.Release|Any CPU.ActiveCfg = Release|Any CPU
		{CA3A34D9-53B4-49E9-826B-47BEEBE99D40}.Release|Any CPU.Build.0 = Release|Any CPU
	EndGlobalSection
	GlobalSection(SolutionProperties) = preSolution
		HideSolutionNode = FALSE
	EndGlobalSection
	GlobalSection(ExtensibilityGlobals) = postSolution
		SolutionGuid = {863D2E99-0084-45D0-8AE0-B148AF1B1F98}
	EndGlobalSection
EndGlobal
